
Microsoft Visual Studio Solution File, Format Version 12.00
# Visual Studio Version 17
VisualStudioVersion = 17.7.34221.43
MinimumVisualStudioVersion = 10.0.40219.1
Project("{2150E333-8FDC-42A3-9474-1A3956D46DE8}") = "Others Patterns", "Others Patterns", "{D9B164FD-DACC-443D-8136-F2E5E714DB9F}"
EndProject
Project("{2150E333-8FDC-42A3-9474-1A3956D46DE8}") = "Behavioral Patterns", "Behavioral Patterns", "{A243A278-C2A2-43FD-B8CC-AB11E5AFB154}"
EndProject
Project("{9A19103F-16F7-4668-BE54-9A1E7A4F7556}") = "Strategy", "Behavioral Patterns\Strategy\Strategy.csproj", "{FBD0F44D-9437-4453-BF5C-B408CF9727A0}"
EndProject
Project("{9A19103F-16F7-4668-BE54-9A1E7A4F7556}") = "NullObject", "Others Patterns\NullObject\NullObject.csproj", "{A89C53A0-2DE7-4BCA-8B80-1CFFBBA43333}"
EndProject
Project("{9A19103F-16F7-4668-BE54-9A1E7A4F7556}") = "TemplateMethod", "Behavioral Patterns\TemplateMethod\TemplateMethod.csproj", "{3E0AD198-52FA-4F28-89B4-9FC351A22F0E}"
EndProject
Project("{9A19103F-16F7-4668-BE54-9A1E7A4F7556}") = "Bridge", "Structural Patterns\Bridge\Bridge.csproj", "{F9342B8B-4940-43D2-BF9E-EC7C9E26732D}"
EndProject
Project("{9A19103F-16F7-4668-BE54-9A1E7A4F7556}") = "FactoryMethod", "Creational Patterns\FactoryMethod\FactoryMethod.csproj", "{B7A4F197-7C88-48BA-A236-7673F865A020}"
EndProject
Project("{9A19103F-16F7-4668-BE54-9A1E7A4F7556}") = "FactoryMethod2", "Creational Patterns\FactoryMethod2\FactoryMethod2.csproj", "{4B6FEA79-7765-40F1-92E1-8DB5161C4F52}"
EndProject
Project("{9A19103F-16F7-4668-BE54-9A1E7A4F7556}") = "State", "Behavioral Patterns\State\State.csproj", "{3BD5D455-5BAE-45F4-B9F5-29C4C9D71B8D}"
EndProject
Project("{9A19103F-16F7-4668-BE54-9A1E7A4F7556}") = "AbstractFactory", "Creational Patterns\AbstractFactory\AbstractFactory.csproj", "{EC06F882-D6E0-42DB-90AA-34F6ED917E87}"
EndProject
Project("{FAE04EC0-301F-11D3-BF4B-00C04F79EFBC}") = "Builder", "Creational Patterns\Builder\Builder.csproj", "{1615933C-07B7-4AA3-98FC-0183163BBFD3}"
EndProject
Project("{2150E333-8FDC-42A3-9474-1A3956D46DE8}") = "Creational Patterns", "Creational Patterns", "{E1CD50AD-FAB1-4A6D-9DC9-91E7AFFD73D9}"
EndProject
Project("{2150E333-8FDC-42A3-9474-1A3956D46DE8}") = "Structural Patterns", "Structural Patterns", "{F25505C8-E80E-4C56-9066-A41CC4951715}"
EndProject
Global
	GlobalSection(SolutionConfigurationPlatforms) = preSolution
		Debug|Any CPU = Debug|Any CPU
		Release|Any CPU = Release|Any CPU
	EndGlobalSection
	GlobalSection(ProjectConfigurationPlatforms) = postSolution
		{FBD0F44D-9437-4453-BF5C-B408CF9727A0}.Debug|Any CPU.ActiveCfg = Debug|Any CPU
		{FBD0F44D-9437-4453-BF5C-B408CF9727A0}.Debug|Any CPU.Build.0 = Debug|Any CPU
		{FBD0F44D-9437-4453-BF5C-B408CF9727A0}.Release|Any CPU.ActiveCfg = Release|Any CPU
		{FBD0F44D-9437-4453-BF5C-B408CF9727A0}.Release|Any CPU.Build.0 = Release|Any CPU
		{A89C53A0-2DE7-4BCA-8B80-1CFFBBA43333}.Debug|Any CPU.ActiveCfg = Debug|Any CPU
		{A89C53A0-2DE7-4BCA-8B80-1CFFBBA43333}.Debug|Any CPU.Build.0 = Debug|Any CPU
		{A89C53A0-2DE7-4BCA-8B80-1CFFBBA43333}.Release|Any CPU.ActiveCfg = Release|Any CPU
		{A89C53A0-2DE7-4BCA-8B80-1CFFBBA43333}.Release|Any CPU.Build.0 = Release|Any CPU
		{3E0AD198-52FA-4F28-89B4-9FC351A22F0E}.Debug|Any CPU.ActiveCfg = Debug|Any CPU
		{3E0AD198-52FA-4F28-89B4-9FC351A22F0E}.Debug|Any CPU.Build.0 = Debug|Any CPU
		{3E0AD198-52FA-4F28-89B4-9FC351A22F0E}.Release|Any CPU.ActiveCfg = Release|Any CPU
		{3E0AD198-52FA-4F28-89B4-9FC351A22F0E}.Release|Any CPU.Build.0 = Release|Any CPU
		{F9342B8B-4940-43D2-BF9E-EC7C9E26732D}.Debug|Any CPU.ActiveCfg = Debug|Any CPU
		{F9342B8B-4940-43D2-BF9E-EC7C9E26732D}.Debug|Any CPU.Build.0 = Debug|Any CPU
		{F9342B8B-4940-43D2-BF9E-EC7C9E26732D}.Release|Any CPU.ActiveCfg = Release|Any CPU
		{F9342B8B-4940-43D2-BF9E-EC7C9E26732D}.Release|Any CPU.Build.0 = Release|Any CPU
		{B7A4F197-7C88-48BA-A236-7673F865A020}.Debug|Any CPU.ActiveCfg = Debug|Any CPU
		{B7A4F197-7C88-48BA-A236-7673F865A020}.Debug|Any CPU.Build.0 = Debug|Any CPU
		{B7A4F197-7C88-48BA-A236-7673F865A020}.Release|Any CPU.ActiveCfg = Release|Any CPU
		{B7A4F197-7C88-48BA-A236-7673F865A020}.Release|Any CPU.Build.0 = Release|Any CPU
		{4B6FEA79-7765-40F1-92E1-8DB5161C4F52}.Debug|Any CPU.ActiveCfg = Debug|Any CPU
		{4B6FEA79-7765-40F1-92E1-8DB5161C4F52}.Debug|Any CPU.Build.0 = Debug|Any CPU
		{4B6FEA79-7765-40F1-92E1-8DB5161C4F52}.Release|Any CPU.ActiveCfg = Release|Any CPU
		{4B6FEA79-7765-40F1-92E1-8DB5161C4F52}.Release|Any CPU.Build.0 = Release|Any CPU
		{3BD5D455-5BAE-45F4-B9F5-29C4C9D71B8D}.Debug|Any CPU.ActiveCfg = Debug|Any CPU
		{3BD5D455-5BAE-45F4-B9F5-29C4C9D71B8D}.Debug|Any CPU.Build.0 = Debug|Any CPU
		{3BD5D455-5BAE-45F4-B9F5-29C4C9D71B8D}.Release|Any CPU.ActiveCfg = Release|Any CPU
		{3BD5D455-5BAE-45F4-B9F5-29C4C9D71B8D}.Release|Any CPU.Build.0 = Release|Any CPU
		{EC06F882-D6E0-42DB-90AA-34F6ED917E87}.Debug|Any CPU.ActiveCfg = Debug|Any CPU
		{EC06F882-D6E0-42DB-90AA-34F6ED917E87}.Debug|Any CPU.Build.0 = Debug|Any CPU
		{EC06F882-D6E0-42DB-90AA-34F6ED917E87}.Release|Any CPU.ActiveCfg = Release|Any CPU
		{EC06F882-D6E0-42DB-90AA-34F6ED917E87}.Release|Any CPU.Build.0 = Release|Any CPU
		{1615933C-07B7-4AA3-98FC-0183163BBFD3}.Debug|Any CPU.ActiveCfg = Debug|Any CPU
		{1615933C-07B7-4AA3-98FC-0183163BBFD3}.Debug|Any CPU.Build.0 = Debug|Any CPU
		{1615933C-07B7-4AA3-98FC-0183163BBFD3}.Release|Any CPU.ActiveCfg = Release|Any CPU
		{1615933C-07B7-4AA3-98FC-0183163BBFD3}.Release|Any CPU.Build.0 = Release|Any CPU
	EndGlobalSection
	GlobalSection(SolutionProperties) = preSolution
		HideSolutionNode = FALSE
	EndGlobalSection
	GlobalSection(NestedProjects) = preSolution
		{FBD0F44D-9437-4453-BF5C-B408CF9727A0} = {A243A278-C2A2-43FD-B8CC-AB11E5AFB154}
		{A89C53A0-2DE7-4BCA-8B80-1CFFBBA43333} = {D9B164FD-DACC-443D-8136-F2E5E714DB9F}
		{3E0AD198-52FA-4F28-89B4-9FC351A22F0E} = {A243A278-C2A2-43FD-B8CC-AB11E5AFB154}
		{F9342B8B-4940-43D2-BF9E-EC7C9E26732D} = {F25505C8-E80E-4C56-9066-A41CC4951715}
		{B7A4F197-7C88-48BA-A236-7673F865A020} = {E1CD50AD-FAB1-4A6D-9DC9-91E7AFFD73D9}
		{4B6FEA79-7765-40F1-92E1-8DB5161C4F52} = {E1CD50AD-FAB1-4A6D-9DC9-91E7AFFD73D9}
		{3BD5D455-5BAE-45F4-B9F5-29C4C9D71B8D} = {A243A278-C2A2-43FD-B8CC-AB11E5AFB154}
		{EC06F882-D6E0-42DB-90AA-34F6ED917E87} = {E1CD50AD-FAB1-4A6D-9DC9-91E7AFFD73D9}
		{1615933C-07B7-4AA3-98FC-0183163BBFD3} = {E1CD50AD-FAB1-4A6D-9DC9-91E7AFFD73D9}
	EndGlobalSection
	GlobalSection(ExtensibilityGlobals) = postSolution
		SolutionGuid = {0A9C5F3B-88AE-44EB-8E28-17D07CC3711E}
	EndGlobalSection
EndGlobal
