
Microsoft Visual Studio Solution File, Format Version 12.00
# Visual Studio Version 17
VisualStudioVersion = 17.7.34221.43
MinimumVisualStudioVersion = 10.0.40219.1
Project("{9A19103F-16F7-4668-BE54-9A1E7A4F7556}") = "ConsoleStrategy", "DesignPatterns\ConsoleStrategy.csproj", "{5CA672D4-C004-41FE-837A-A7A2BDC2BD42}"
EndProject
Project("{2150E333-8FDC-42A3-9474-1A3956D46DE8}") = "1 - Pattern - Strategy", "1 - Pattern - Strategy", "{340AF1D4-AE18-4CD1-BDC4-42D54041D320}"
EndProject
Project("{2150E333-8FDC-42A3-9474-1A3956D46DE8}") = "2 - Pattern - Null Object", "2 - Pattern - Null Object", "{D9B164FD-DACC-443D-8136-F2E5E714DB9F}"
EndProject
Project("{9A19103F-16F7-4668-BE54-9A1E7A4F7556}") = "ConsoleNullObject", "ConsoleNullObject\ConsoleNullObject.csproj", "{1C1CA7FC-1E7C-4522-B6CE-CF5F62B45153}"
EndProject
Project("{2150E333-8FDC-42A3-9474-1A3956D46DE8}") = "3 - Pattern - Hook Method - Template Method", "3 - Pattern - Hook Method - Template Method", "{A243A278-C2A2-43FD-B8CC-AB11E5AFB154}"
EndProject
Project("{9A19103F-16F7-4668-BE54-9A1E7A4F7556}") = "ConsoleTemplateMethod", "ConsoleTemplateMethod\ConsoleTemplateMethod.csproj", "{595CF4CC-8B53-43F4-B265-9C7829DB11A3}"
EndProject
Project("{2150E333-8FDC-42A3-9474-1A3956D46DE8}") = "4 - Pattern - Hook Method - Factory Method", "4 - Pattern - Hook Method - Factory Method", "{08BF65B2-9188-493D-B288-470FE3625463}"
EndProject
Project("{9A19103F-16F7-4668-BE54-9A1E7A4F7556}") = "ConsoleFactoryMethod", "ConsoleFactoryMethod\ConsoleFactoryMethod.csproj", "{73B6668E-300F-45CD-8E27-3BE31C1003BA}"
EndProject
Project("{9A19103F-16F7-4668-BE54-9A1E7A4F7556}") = "ConsoleLanche", "ConsoleLanche\ConsoleLanche.csproj", "{A7BB148E-2EE0-44D1-BCFA-5D79CDA8B6F4}"
EndProject
Project("{2150E333-8FDC-42A3-9474-1A3956D46DE8}") = "5 - Pattern - Bridge - Hook Method - Hook Class", "5 - Pattern - Bridge - Hook Method - Hook Class", "{B37662E2-C1E9-4E17-8F44-2A0D713C74E6}"
EndProject
Project("{9A19103F-16F7-4668-BE54-9A1E7A4F7556}") = "ConsoleBridge", "ConsoleBridge\ConsoleBridge.csproj", "{A2D776D5-62BA-458D-ACFF-CDE39E5DF934}"
EndProject
Project("{2150E333-8FDC-42A3-9474-1A3956D46DE8}") = "6 - Pattern - State - Hook Method - Hook Class", "6 - Pattern - State - Hook Method - Hook Class", "{A53A8B22-3EDF-4397-B1D5-4733F1CBCA76}"
EndProject
Project("{FAE04EC0-301F-11D3-BF4B-00C04F79EFBC}") = "ConsoleExemploConceitual", "ConsoleExemploConceitual\ConsoleExemploConceitual.csproj", "{426D36D2-3C6A-44ED-BDD1-6E3BB0DB430D}"
EndProject
Global
	GlobalSection(SolutionConfigurationPlatforms) = preSolution
		Debug|Any CPU = Debug|Any CPU
		Release|Any CPU = Release|Any CPU
	EndGlobalSection
	GlobalSection(ProjectConfigurationPlatforms) = postSolution
		{5CA672D4-C004-41FE-837A-A7A2BDC2BD42}.Debug|Any CPU.ActiveCfg = Debug|Any CPU
		{5CA672D4-C004-41FE-837A-A7A2BDC2BD42}.Debug|Any CPU.Build.0 = Debug|Any CPU
		{5CA672D4-C004-41FE-837A-A7A2BDC2BD42}.Release|Any CPU.ActiveCfg = Release|Any CPU
		{5CA672D4-C004-41FE-837A-A7A2BDC2BD42}.Release|Any CPU.Build.0 = Release|Any CPU
		{1C1CA7FC-1E7C-4522-B6CE-CF5F62B45153}.Debug|Any CPU.ActiveCfg = Debug|Any CPU
		{1C1CA7FC-1E7C-4522-B6CE-CF5F62B45153}.Debug|Any CPU.Build.0 = Debug|Any CPU
		{1C1CA7FC-1E7C-4522-B6CE-CF5F62B45153}.Release|Any CPU.ActiveCfg = Release|Any CPU
		{1C1CA7FC-1E7C-4522-B6CE-CF5F62B45153}.Release|Any CPU.Build.0 = Release|Any CPU
		{595CF4CC-8B53-43F4-B265-9C7829DB11A3}.Debug|Any CPU.ActiveCfg = Debug|Any CPU
		{595CF4CC-8B53-43F4-B265-9C7829DB11A3}.Debug|Any CPU.Build.0 = Debug|Any CPU
		{595CF4CC-8B53-43F4-B265-9C7829DB11A3}.Release|Any CPU.ActiveCfg = Release|Any CPU
		{595CF4CC-8B53-43F4-B265-9C7829DB11A3}.Release|Any CPU.Build.0 = Release|Any CPU
		{73B6668E-300F-45CD-8E27-3BE31C1003BA}.Debug|Any CPU.ActiveCfg = Debug|Any CPU
		{73B6668E-300F-45CD-8E27-3BE31C1003BA}.Debug|Any CPU.Build.0 = Debug|Any CPU
		{73B6668E-300F-45CD-8E27-3BE31C1003BA}.Release|Any CPU.ActiveCfg = Release|Any CPU
		{73B6668E-300F-45CD-8E27-3BE31C1003BA}.Release|Any CPU.Build.0 = Release|Any CPU
		{A7BB148E-2EE0-44D1-BCFA-5D79CDA8B6F4}.Debug|Any CPU.ActiveCfg = Debug|Any CPU
		{A7BB148E-2EE0-44D1-BCFA-5D79CDA8B6F4}.Debug|Any CPU.Build.0 = Debug|Any CPU
		{A7BB148E-2EE0-44D1-BCFA-5D79CDA8B6F4}.Release|Any CPU.ActiveCfg = Release|Any CPU
		{A7BB148E-2EE0-44D1-BCFA-5D79CDA8B6F4}.Release|Any CPU.Build.0 = Release|Any CPU
		{A2D776D5-62BA-458D-ACFF-CDE39E5DF934}.Debug|Any CPU.ActiveCfg = Debug|Any CPU
		{A2D776D5-62BA-458D-ACFF-CDE39E5DF934}.Debug|Any CPU.Build.0 = Debug|Any CPU
		{A2D776D5-62BA-458D-ACFF-CDE39E5DF934}.Release|Any CPU.ActiveCfg = Release|Any CPU
		{A2D776D5-62BA-458D-ACFF-CDE39E5DF934}.Release|Any CPU.Build.0 = Release|Any CPU
		{426D36D2-3C6A-44ED-BDD1-6E3BB0DB430D}.Debug|Any CPU.ActiveCfg = Debug|Any CPU
		{426D36D2-3C6A-44ED-BDD1-6E3BB0DB430D}.Debug|Any CPU.Build.0 = Debug|Any CPU
		{426D36D2-3C6A-44ED-BDD1-6E3BB0DB430D}.Release|Any CPU.ActiveCfg = Release|Any CPU
		{426D36D2-3C6A-44ED-BDD1-6E3BB0DB430D}.Release|Any CPU.Build.0 = Release|Any CPU
	EndGlobalSection
	GlobalSection(SolutionProperties) = preSolution
		HideSolutionNode = FALSE
	EndGlobalSection
	GlobalSection(NestedProjects) = preSolution
		{5CA672D4-C004-41FE-837A-A7A2BDC2BD42} = {340AF1D4-AE18-4CD1-BDC4-42D54041D320}
		{1C1CA7FC-1E7C-4522-B6CE-CF5F62B45153} = {D9B164FD-DACC-443D-8136-F2E5E714DB9F}
		{595CF4CC-8B53-43F4-B265-9C7829DB11A3} = {A243A278-C2A2-43FD-B8CC-AB11E5AFB154}
		{73B6668E-300F-45CD-8E27-3BE31C1003BA} = {08BF65B2-9188-493D-B288-470FE3625463}
		{A7BB148E-2EE0-44D1-BCFA-5D79CDA8B6F4} = {08BF65B2-9188-493D-B288-470FE3625463}
		{A2D776D5-62BA-458D-ACFF-CDE39E5DF934} = {B37662E2-C1E9-4E17-8F44-2A0D713C74E6}
		{426D36D2-3C6A-44ED-BDD1-6E3BB0DB430D} = {A53A8B22-3EDF-4397-B1D5-4733F1CBCA76}
	EndGlobalSection
	GlobalSection(ExtensibilityGlobals) = postSolution
		SolutionGuid = {0A9C5F3B-88AE-44EB-8E28-17D07CC3711E}
	EndGlobalSection
EndGlobal
